
Microsoft Visual Studio Solution File, Format Version 12.00
# Visual Studio 15
Project("{FAE04EC0-301F-11D3-BF4B-00C04F79EFBC}") = "Assembly-CSharp", "Assembly-CSharp.csproj", "{1DD9AF5B-70EF-A5D0-FC4B-BAC293E2DF9E}"
EndProject
Project("{FAE04EC0-301F-11D3-BF4B-00C04F79EFBC}") = "Assembly-CSharp-Editor", "Assembly-CSharp-Editor.csproj", "{3789AEFC-D00A-36B5-53C8-AE29C399251E}"
EndProject
Global
	GlobalSection(SolutionConfigurationPlatforms) = preSolution
		Debug|Any CPU = Debug|Any CPU
		Release|Any CPU = Release|Any CPU
	EndGlobalSection
	GlobalSection(ProjectConfigurationPlatforms) = postSolution
		{1DD9AF5B-70EF-A5D0-FC4B-BAC293E2DF9E}.Debug|Any CPU.ActiveCfg = Debug|Any CPU
		{1DD9AF5B-70EF-A5D0-FC4B-BAC293E2DF9E}.Debug|Any CPU.Build.0 = Debug|Any CPU
		{1DD9AF5B-70EF-A5D0-FC4B-BAC293E2DF9E}.Release|Any CPU.ActiveCfg = Release|Any CPU
		{1DD9AF5B-70EF-A5D0-FC4B-BAC293E2DF9E}.Release|Any CPU.Build.0 = Release|Any CPU
		{3789AEFC-D00A-36B5-53C8-AE29C399251E}.Debug|Any CPU.ActiveCfg = Debug|Any CPU
		{3789AEFC-D00A-36B5-53C8-AE29C399251E}.Debug|Any CPU.Build.0 = Debug|Any CPU
		{3789AEFC-D00A-36B5-53C8-AE29C399251E}.Release|Any CPU.ActiveCfg = Release|Any CPU
		{3789AEFC-D00A-36B5-53C8-AE29C399251E}.Release|Any CPU.Build.0 = Release|Any CPU
	EndGlobalSection
	GlobalSection(SolutionProperties) = preSolution
		HideSolutionNode = FALSE
	EndGlobalSection
EndGlobal
